
Microsoft Visual Studio Solution File, Format Version 12.00
# Visual Studio Version 17
VisualStudioVersion = 17.14.36518.9 d17.14
MinimumVisualStudioVersion = 10.0.40219.1
Project("{FAE04EC0-301F-11D3-BF4B-00C04F79EFBC}") = "Assignment1", "Assignment1.csproj", "{98F68380-F696-407C-89CF-51991FFDD516}"
EndProject
Global
	GlobalSection(SolutionConfigurationPlatforms) = preSolution
		Debug|Any CPU = Debug|Any CPU
		Release|Any CPU = Release|Any CPU
	EndGlobalSection
	GlobalSection(ProjectConfigurationPlatforms) = postSolution
		{98F68380-F696-407C-89CF-51991FFDD516}.Debug|Any CPU.ActiveCfg = Debug|Any CPU
		{98F68380-F696-407C-89CF-51991FFDD516}.Debug|Any CPU.Build.0 = Debug|Any CPU
		{98F68380-F696-407C-89CF-51991FFDD516}.Release|Any CPU.ActiveCfg = Release|Any CPU
		{98F68380-F696-407C-89CF-51991FFDD516}.Release|Any CPU.Build.0 = Release|Any CPU
	EndGlobalSection
	GlobalSection(SolutionProperties) = preSolution
		HideSolutionNode = FALSE
	EndGlobalSection
	GlobalSection(ExtensibilityGlobals) = postSolution
		SolutionGuid = {E00E991A-CC08-465A-8E57-8F0CD46DB6EF}
	EndGlobalSection
EndGlobal
