
Microsoft Visual Studio Solution File, Format Version 12.00
# Visual Studio Version 17
VisualStudioVersion = 17.14.36518.9 d17.14
MinimumVisualStudioVersion = 10.0.40219.1
Project("{FAE04EC0-301F-11D3-BF4B-00C04F79EFBC}") = "WindowsFormsApp1", "WindowsFormsApp1.csproj", "{7D9B109E-88ED-4F39-936B-8B4761CE46D3}"
EndProject
Global
	GlobalSection(SolutionConfigurationPlatforms) = preSolution
		Debug|Any CPU = Debug|Any CPU
		Release|Any CPU = Release|Any CPU
	EndGlobalSection
	GlobalSection(ProjectConfigurationPlatforms) = postSolution
		{7D9B109E-88ED-4F39-936B-8B4761CE46D3}.Debug|Any CPU.ActiveCfg = Debug|Any CPU
		{7D9B109E-88ED-4F39-936B-8B4761CE46D3}.Debug|Any CPU.Build.0 = Debug|Any CPU
		{7D9B109E-88ED-4F39-936B-8B4761CE46D3}.Release|Any CPU.ActiveCfg = Release|Any CPU
		{7D9B109E-88ED-4F39-936B-8B4761CE46D3}.Release|Any CPU.Build.0 = Release|Any CPU
	EndGlobalSection
	GlobalSection(SolutionProperties) = preSolution
		HideSolutionNode = FALSE
	EndGlobalSection
	GlobalSection(ExtensibilityGlobals) = postSolution
		SolutionGuid = {D82AF952-FC49-479A-800B-93FB6EEAF45F}
	EndGlobalSection
EndGlobal
